github.com/mattn/go-sqlite3 v1.14.32 h1:JD12Ag3oLy1zQA+BNn74xRgaBbdhbNIDYvQUEuuErjs=
github.com/mattn/go-sqlite3 v1.14.32/go.mod h1:Uh1q+B4BYcTPb+yiD3kU8Ct7aC0hY9fxUwlHK0RXw+Y=
github.com/middelink/go-parse-torrent-name v0.0.0-20190301154245-3ff4efacd4c4 h1:C/VViMMbR/4Ti2aXrWpKy34S05cRaVd6EvV9BFR3qJ8=
github.com/middelink/go-parse-torrent-name v0.0.0-20190301154245-3ff4efacd4c4/go.mod h1:H66QhXPJpUSdWschhL6u//v3ge96/qMnQ9mWp3efbxA=
github.com/razsteinmetz/go-ptn v1.0.0 h1:bLJzpwg16iASG2omVogBr8BZRlA56g9drhNa+OXHAY0=
github.com/razsteinmetz/go-ptn v1.0.0/go.mod h1:B6toL0IaRZ8kUJ/h29QRitsbfsOypzqVzU8IaakxIVI=
github.com/urfave/cli/v3 v3.4.1 h1:1M9UOCy5bLmGnuu1yn3t3CB4rG79Rtoxuv1sPhnm6qM=
github.com/urfave/cli/v3 v3.4.1/go.mod h1:FJSKtM/9AiiTOJL4fJ6TbMUkxBXn7GO9guZqoZtpYpo=
golang.org/x/text v0.3.7 h1:olpwvP2KacW1ZWvsR7uQhoyTYvKAupfQrRGBFM352Gk=
golang.org/x/text v0.3.7/go.mod h1:u+2+/6zg+i71rQMx5EYifcz6MCKuco9NR6JIITiCfzQ=
